# This file is automatically @generated by Cargo.
# It is not intended for manual editing.
version = 3

[[package]]
name = "md2html"
version = "0.1.0"
source = "git+https://github.com/OfflineBot/md2html.git#1ddc5f43402d3cbdb643e17fa2c370d1cbce99cc"

[[package]]
name = "md2web"
version = "0.1.0"
dependencies = [
 "md2html",
]
