# This file is automatically @generated by Cargo.
# It is not intended for manual editing.
version = 3

[[package]]
name = "md2html"
version = "0.1.0"
source = "git+https://github.com/OfflineBot/md2html.git#9eb44f09edf829964ae5d35e695a0653313eb243"

[[package]]
name = "md2web"
version = "0.1.0"
dependencies = [
 "md2html",
]
